{
    "name": "boSupportBot",
    "version": "1.0.0",
    "lockfileVersion": 1,
    "requires": true,
    "dependencies": {
        "@microsoft/recognizers-text": {
            "version": "1.1.4",
            "resolved": "https://registry.npmjs.org/@microsoft/recognizers-text/-/recognizers-text-1.1.4.tgz",
            "integrity": "sha512-hlSVXcaX5i8JcjuUJpVxmy2Z/GxvFXarF0KVySCFop57wNEnrLWMHe4I4DjP866G19VyIKRw+vPA32pkGhZgTg=="
        },
        "@microsoft/recognizers-text-choice": {
            "version": "1.1.2",
            "resolved": "https://registry.npmjs.org/@microsoft/recognizers-text-choice/-/recognizers-text-choice-1.1.2.tgz",
            "integrity": "sha512-4hFdqxusM0YrOXYM2RVYPl2rLjItSh6VkRiACjWB95GKC/DBGjJRYQpTxhzuZAsJSkDMinu/aLf8DvQtwUaLtA==",
            "requires": {
                "@microsoft/recognizers-text": "~1.1.2",
                "grapheme-splitter": "^1.0.2"
            }
        },
        "@microsoft/recognizers-text-date-time": {
            "version": "1.1.2",
            "resolved": "https://registry.npmjs.org/@microsoft/recognizers-text-date-time/-/recognizers-text-date-time-1.1.2.tgz",
            "integrity": "sha512-tsdsl2Z3OMFhfWicFQSS4sbk/c0pVTIXhCglDXm/cfSNuQgNgy2NFFRquiQ6MkVwiIk2I7k76TnkoDZt7PD4Dg==",
            "requires": {
                "@microsoft/recognizers-text": "~1.1.2",
                "@microsoft/recognizers-text-number": "~1.1.2",
                "@microsoft/recognizers-text-number-with-unit": "~1.1.2",
                "lodash.isequal": "^4.5.0",
                "lodash.tonumber": "^4.0.3"
            }
        },
        "@microsoft/recognizers-text-number": {
            "version": "1.1.2",
            "resolved": "https://registry.npmjs.org/@microsoft/recognizers-text-number/-/recognizers-text-number-1.1.2.tgz",
            "integrity": "sha512-GESjSF42dllym83diyd6pmlzFwdzidewoq/qSQz89lSoTx9HdJQHjbXxwdBp7w4Ax/Jroo2lcAedM3B7alZhYQ==",
            "requires": {
                "@microsoft/recognizers-text": "~1.1.2",
                "bignumber.js": "^7.2.1",
                "lodash.escaperegexp": "^4.1.2",
                "lodash.sortby": "^4.7.0",
                "lodash.trimend": "^4.5.1"
            }
        },
        "@microsoft/recognizers-text-number-with-unit": {
            "version": "1.1.4",
            "resolved": "https://registry.npmjs.org/@microsoft/recognizers-text-number-with-unit/-/recognizers-text-number-with-unit-1.1.4.tgz",
            "integrity": "sha512-zl+CfmfWK0x/x+iSgaBAevKTYO0F4+z7SYHAHztaaaGuX8FERw2jmUjSgVetm5KA3EveyCx0XYGU1mRNY8p7Eg==",
            "requires": {
                "@microsoft/recognizers-text": "~1.1.4",
                "@microsoft/recognizers-text-number": "~1.1.4",
                "lodash.escaperegexp": "^4.1.2",
                "lodash.last": "^3.0.0",
                "lodash.max": "^4.0.1"
            },
            "dependencies": {
                "@microsoft/recognizers-text-number": {
                    "version": "1.1.4",
                    "resolved": "https://registry.npmjs.org/@microsoft/recognizers-text-number/-/recognizers-text-number-1.1.4.tgz",
                    "integrity": "sha512-6EmlR+HR+eJBIX7sQby1vs6LJB64wxLowHaGpIU9OCXFvZ5Nb0QT8qh10rC40v3Mtrz4DpScXfSXr9tWkIO5MQ==",
                    "requires": {
                        "@microsoft/recognizers-text": "~1.1.4",
                        "bignumber.js": "^7.2.1",
                        "lodash.escaperegexp": "^4.1.2",
                        "lodash.sortby": "^4.7.0",
                        "lodash.trimend": "^4.5.1"
                    }
                }
            }
        },
        "@microsoft/recognizers-text-sequence": {
            "version": "1.1.4",
            "resolved": "https://registry.npmjs.org/@microsoft/recognizers-text-sequence/-/recognizers-text-sequence-1.1.4.tgz",
            "integrity": "sha512-rb5j8/aE7HSOdIxaVfCGFrj0wWPpSq0CuykFg/A/iJNPP+FnAU71bgP5HexrwQcpCsDinauisX7u0DKIChrHRA==",
            "requires": {
                "@microsoft/recognizers-text": "~1.1.4",
                "grapheme-splitter": "^1.0.2"
            }
        },
        "@microsoft/recognizers-text-suite": {
            "version": "1.1.2",
            "resolved": "https://registry.npmjs.org/@microsoft/recognizers-text-suite/-/recognizers-text-suite-1.1.2.tgz",
            "integrity": "sha512-w3WCsKa//64jE1fGPFlV02rRg9+b3oDp+K5/skPAn4KDr80LjXxD1ulIgiJ2Ll/2OoBl8ociCiCjYA7zS3LpdQ==",
            "requires": {
                "@microsoft/recognizers-text": "~1.1.2",
                "@microsoft/recognizers-text-choice": "~1.1.2",
                "@microsoft/recognizers-text-date-time": "~1.1.2",
                "@microsoft/recognizers-text-number": "~1.1.2",
                "@microsoft/recognizers-text-number-with-unit": "~1.1.2",
                "@microsoft/recognizers-text-sequence": "~1.1.2"
            }
        },
        "@types/bunyan": {
            "version": "1.8.5",
            "resolved": "https://registry.npmjs.org/@types/bunyan/-/bunyan-1.8.5.tgz",
            "integrity": "sha512-7n8ANtxh2c5A/NfCuv8cVtWcgSLdq76MQbtmbInpzXuPw4TSAReUJ+MGHK4m67I4zI3ynCJoABfaeHYJaYSeRg==",
            "dev": true,
            "requires": {
                "@types/node": "*"
            }
        },
        "@types/node": {
            "version": "10.10.2",
            "resolved": "https://registry.npmjs.org/@types/node/-/node-10.10.2.tgz",
            "integrity": "sha512-yg1zoc4aUbsVyKg2eMpmNthOI+Edn2ntiLRxHjhGeFtTwg3CORdqkY0tBZh+TNPnTTtf4iyU5TVxbHVdEjrDTQ==",
            "dev": true
        },
        "@types/restify": {
            "version": "7.2.4",
            "resolved": "https://registry.npmjs.org/@types/restify/-/restify-7.2.4.tgz",
            "integrity": "sha512-UyMZRVUNX4kw0LSkCXfJwytofEeHa6VxHrrtEc1db5pAXLd2tDumjNjWk/l/osvXztzl9CQPKN5t5NnalTxFcA==",
            "dev": true,
            "requires": {
                "@types/bunyan": "*",
                "@types/node": "*",
                "@types/spdy": "*"
            }
        },
        "@types/spdy": {
            "version": "3.4.4",
            "resolved": "https://registry.npmjs.org/@types/spdy/-/spdy-3.4.4.tgz",
            "integrity": "sha512-N9LBlbVRRYq6HgYpPkqQc3a9HJ/iEtVZToW6xlTtJiMhmRJ7jJdV7TaZQJw/Ve/1ePUsQiCTDc4JMuzzag94GA==",
            "dev": true,
            "requires": {
                "@types/node": "*"
            }
        },
        "assert": {
            "version": "1.4.1",
            "resolved": "https://registry.npmjs.org/assert/-/assert-1.4.1.tgz",
            "integrity": "sha1-mZEtWRg2tab1s0XA8H7vwI/GXZE=",
            "requires": {
                "util": "0.10.3"
            }
        },
        "asynckit": {
            "version": "0.4.0",
            "resolved": "https://registry.npmjs.org/asynckit/-/asynckit-0.4.0.tgz",
            "integrity": "sha1-x57Zf380y48robyXkLzDZkdLS3k="
        },
        "axios": {
            "version": "0.18.0",
            "resolved": "http://registry.npmjs.org/axios/-/axios-0.18.0.tgz",
            "integrity": "sha1-MtU+SFHv3AoRmTts0AB4nXDAUQI=",
            "requires": {
                "follow-redirects": "^1.3.0",
                "is-buffer": "^1.1.5"
            }
        },
        "balanced-match": {
            "version": "1.0.0",
            "resolved": "https://registry.npmjs.org/balanced-match/-/balanced-match-1.0.0.tgz",
            "integrity": "sha1-ibTRmasr7kneFk6gK4nORi1xt2c=",
            "dev": true
        },
        "bignumber.js": {
            "version": "7.2.1",
            "resolved": "https://registry.npmjs.org/bignumber.js/-/bignumber.js-7.2.1.tgz",
            "integrity": "sha512-S4XzBk5sMB+Rcb/LNcpzXr57VRTxgAvaAEDAl1AwRx27j00hT84O6OkteE7u8UB3NuaaygCRrEpqox4uDOrbdQ=="
        },
        "botbuilder-core": {
            "version": "4.1.7",
            "resolved": "https://registry.npmjs.org/botbuilder-core/-/botbuilder-core-4.1.7.tgz",
            "integrity": "sha512-kfNOOpHVDLNdpYVMAefWjETXI4VsnDHgucEfKgANcCUrXmsYETlioHOCngUWLrFcaeVMJodeZvafIYl5NTgy0A==",
            "requires": {
                "assert": "^1.4.1",
                "botframework-schema": "^4.1.7"
            }
        },
        "botbuilder-dialogs": {
            "version": "4.1.7",
            "resolved": "https://registry.npmjs.org/botbuilder-dialogs/-/botbuilder-dialogs-4.1.7.tgz",
            "integrity": "sha512-XDR6HT5xJFMrepT5TOjuvDIz0/jpuemi4hGNjW7a0klucfXroSB3yFvg6aVinbjVE5uAejnEwoRAXevFZRg+RQ==",
            "requires": {
                "@microsoft/recognizers-text-choice": "1.1.2",
                "@microsoft/recognizers-text-date-time": "1.1.2",
                "@microsoft/recognizers-text-number": "1.1.2",
                "@microsoft/recognizers-text-suite": "1.1.2",
                "@types/node": "^9.3.0",
                "botbuilder-core": "^4.1.7"
            },
            "dependencies": {
                "@types/node": {
                    "version": "9.6.40",
                    "resolved": "https://registry.npmjs.org/@types/node/-/node-9.6.40.tgz",
                    "integrity": "sha512-M3HHoXXndsho/sTbQML2BJr7/uwNhMg8P0D4lb+UsM65JQZx268faiz9hKpY4FpocWqpwlLwa8vevw8hLtKjOw=="
                }
            }
        },
        "botframework-schema": {
            "version": "4.1.7",
            "resolved": "https://registry.npmjs.org/botframework-schema/-/botframework-schema-4.1.7.tgz",
            "integrity": "sha512-vPb5gHldmTIpUFx5uCdv/4XEsouMkXvSfQS2zsAC3VqAo29YESHYzNbr5HecRaUveb48NZ27+Djm0U0mLFxe9Q==",
            "requires": {
                "@types/node": "^9.3.0",
                "ms-rest-js": "1.0.455"
            },
            "dependencies": {
                "@types/node": {
                    "version": "9.6.39",
                    "resolved": "https://registry.npmjs.org/@types/node/-/node-9.6.39.tgz",
                    "integrity": "sha512-c3OkjgNpSMdHan56WhklP0FMOk5ocilKz2Mpa0NOGzu8jw5YERjCf9FG0epYB1+TxScv/oI4uJ204u2mUg7Hcw=="
                }
            }
        },
        "brace-expansion": {
            "version": "1.1.11",
            "resolved": "https://registry.npmjs.org/brace-expansion/-/brace-expansion-1.1.11.tgz",
            "integrity": "sha512-iCuPHDFgrHX7H2vEI/5xpz07zSHB00TpugqhmYtVmMO6518mCuRMoOYFldEBl0g187ufozdaHgWKcYFb61qGiA==",
            "dev": true,
            "requires": {
                "balanced-match": "^1.0.0",
                "concat-map": "0.0.1"
            }
        },
        "builtin-modules": {
            "version": "1.1.1",
            "resolved": "https://registry.npmjs.org/builtin-modules/-/builtin-modules-1.1.1.tgz",
            "integrity": "sha1-Jw8HbFpywC9bZaR9+Uxf46J4iS8=",
            "dev": true
        },
        "combined-stream": {
            "version": "1.0.7",
            "resolved": "https://registry.npmjs.org/combined-stream/-/combined-stream-1.0.7.tgz",
            "integrity": "sha512-brWl9y6vOB1xYPZcpZde3N9zDByXTosAeMDo4p1wzo6UMOX4vumB+TP1RZ76sfE6Md68Q0NJSrE/gbezd4Ul+w==",
            "requires": {
                "delayed-stream": "~1.0.0"
            }
        },
        "concat-map": {
            "version": "0.0.1",
            "resolved": "https://registry.npmjs.org/concat-map/-/concat-map-0.0.1.tgz",
            "integrity": "sha1-2Klr13/Wjfd5OnMDajug1UBdR3s=",
            "dev": true
        },
        "contains-path": {
            "version": "0.1.0",
            "resolved": "https://registry.npmjs.org/contains-path/-/contains-path-0.1.0.tgz",
            "integrity": "sha1-/ozxhP9mcLa67wGp1IYaXL7EEgo=",
            "dev": true
        },
        "debug": {
            "version": "3.1.0",
            "resolved": "https://registry.npmjs.org/debug/-/debug-3.1.0.tgz",
            "integrity": "sha512-OX8XqP7/1a9cqkxYw2yXss15f26NKWBpDXQd0/uK/KPqdQhxbPa994hnzjcE2VqQpDslf55723cKPUOGSmMY3g==",
            "requires": {
                "ms": "2.0.0"
            }
        },
        "delayed-stream": {
            "version": "1.0.0",
            "resolved": "https://registry.npmjs.org/delayed-stream/-/delayed-stream-1.0.0.tgz",
            "integrity": "sha1-3zrhmayt+31ECqrgsp4icrJOxhk="
        },
        "error-ex": {
            "version": "1.3.2",
            "resolved": "https://registry.npmjs.org/error-ex/-/error-ex-1.3.2.tgz",
            "integrity": "sha512-7dFHNmqeFSEt2ZBsCriorKnn3Z2pj+fd9kmI6QoWw4//DL+icEBfc0U7qJCisqrTsKTjw4fNFy2pW9OqStD84g==",
            "dev": true,
            "requires": {
                "is-arrayish": "^0.2.1"
            }
        },
        "eslint-config-standard": {
            "version": "12.0.0",
            "resolved": "https://registry.npmjs.org/eslint-config-standard/-/eslint-config-standard-12.0.0.tgz",
            "integrity": "sha512-COUz8FnXhqFitYj4DTqHzidjIL/t4mumGZto5c7DrBpvWoie+Sn3P4sLEzUGeYhRElWuFEf8K1S1EfvD1vixCQ==",
            "dev": true
        },
        "eslint-import-resolver-node": {
            "version": "0.3.2",
            "resolved": "https://registry.npmjs.org/eslint-import-resolver-node/-/eslint-import-resolver-node-0.3.2.tgz",
            "integrity": "sha512-sfmTqJfPSizWu4aymbPr4Iidp5yKm8yDkHp+Ir3YiTHiiDfxh69mOUsmiqW6RZ9zRXFaF64GtYmN7e+8GHBv6Q==",
            "dev": true,
            "requires": {
                "debug": "^2.6.9",
                "resolve": "^1.5.0"
            },
            "dependencies": {
                "debug": {
                    "version": "2.6.9",
                    "resolved": "https://registry.npmjs.org/debug/-/debug-2.6.9.tgz",
                    "integrity": "sha512-bC7ElrdJaJnPbAP+1EotYvqZsb3ecl5wi6Bfi6BJTUcNowp6cvspg0jXznRTKDjm/E7AdgFBVeAPVMNcKGsHMA==",
                    "dev": true,
                    "requires": {
                        "ms": "2.0.0"
                    }
                }
            }
        },
        "eslint-module-utils": {
            "version": "2.2.0",
            "resolved": "https://registry.npmjs.org/eslint-module-utils/-/eslint-module-utils-2.2.0.tgz",
            "integrity": "sha1-snA2LNiLGkitMIl2zn+lTphBF0Y=",
            "dev": true,
            "requires": {
                "debug": "^2.6.8",
                "pkg-dir": "^1.0.0"
            },
            "dependencies": {
                "debug": {
                    "version": "2.6.9",
                    "resolved": "https://registry.npmjs.org/debug/-/debug-2.6.9.tgz",
                    "integrity": "sha512-bC7ElrdJaJnPbAP+1EotYvqZsb3ecl5wi6Bfi6BJTUcNowp6cvspg0jXznRTKDjm/E7AdgFBVeAPVMNcKGsHMA==",
                    "dev": true,
                    "requires": {
                        "ms": "2.0.0"
                    }
                }
            }
        },
        "eslint-plugin-es": {
            "version": "1.4.0",
            "resolved": "https://registry.npmjs.org/eslint-plugin-es/-/eslint-plugin-es-1.4.0.tgz",
            "integrity": "sha512-XfFmgFdIUDgvaRAlaXUkxrRg5JSADoRC8IkKLc/cISeR3yHVMefFHQZpcyXXEUUPHfy5DwviBcrfqlyqEwlQVw==",
            "dev": true,
            "requires": {
                "eslint-utils": "^1.3.0",
                "regexpp": "^2.0.1"
            }
        },
        "eslint-plugin-import": {
            "version": "2.14.0",
            "resolved": "https://registry.npmjs.org/eslint-plugin-import/-/eslint-plugin-import-2.14.0.tgz",
            "integrity": "sha512-FpuRtniD/AY6sXByma2Wr0TXvXJ4nA/2/04VPlfpmUDPOpOY264x+ILiwnrk/k4RINgDAyFZByxqPUbSQ5YE7g==",
            "dev": true,
            "requires": {
                "contains-path": "^0.1.0",
                "debug": "^2.6.8",
                "doctrine": "1.5.0",
                "eslint-import-resolver-node": "^0.3.1",
                "eslint-module-utils": "^2.2.0",
                "has": "^1.0.1",
                "lodash": "^4.17.4",
                "minimatch": "^3.0.3",
                "read-pkg-up": "^2.0.0",
                "resolve": "^1.6.0"
            },
            "dependencies": {
                "debug": {
                    "version": "2.6.9",
                    "resolved": "https://registry.npmjs.org/debug/-/debug-2.6.9.tgz",
                    "integrity": "sha512-bC7ElrdJaJnPbAP+1EotYvqZsb3ecl5wi6Bfi6BJTUcNowp6cvspg0jXznRTKDjm/E7AdgFBVeAPVMNcKGsHMA==",
                    "dev": true,
                    "requires": {
                        "ms": "2.0.0"
                    }
                },
                "doctrine": {
                    "version": "1.5.0",
                    "resolved": "http://registry.npmjs.org/doctrine/-/doctrine-1.5.0.tgz",
                    "integrity": "sha1-N53Ocw9hZvds76TmcHoVmwLFpvo=",
                    "dev": true,
                    "requires": {
                        "esutils": "^2.0.2",
                        "isarray": "^1.0.0"
                    }
                }
            }
        },
        "eslint-plugin-node": {
            "version": "7.0.1",
            "resolved": "https://registry.npmjs.org/eslint-plugin-node/-/eslint-plugin-node-7.0.1.tgz",
            "integrity": "sha512-lfVw3TEqThwq0j2Ba/Ckn2ABdwmL5dkOgAux1rvOk6CO7A6yGyPI2+zIxN6FyNkp1X1X/BSvKOceD6mBWSj4Yw==",
            "dev": true,
            "requires": {
                "eslint-plugin-es": "^1.3.1",
                "eslint-utils": "^1.3.1",
                "ignore": "^4.0.2",
                "minimatch": "^3.0.4",
                "resolve": "^1.8.1",
                "semver": "^5.5.0"
            }
        },
        "eslint-plugin-promise": {
            "version": "4.0.1",
            "resolved": "https://registry.npmjs.org/eslint-plugin-promise/-/eslint-plugin-promise-4.0.1.tgz",
            "integrity": "sha512-Si16O0+Hqz1gDHsys6RtFRrW7cCTB6P7p3OJmKp3Y3dxpQE2qwOA7d3xnV+0mBmrPoi0RBnxlCKvqu70te6wjg==",
            "dev": true
        },
        "eslint-plugin-standard": {
            "version": "4.0.0",
            "resolved": "https://registry.npmjs.org/eslint-plugin-standard/-/eslint-plugin-standard-4.0.0.tgz",
            "integrity": "sha512-OwxJkR6TQiYMmt1EsNRMe5qG3GsbjlcOhbGUBY4LtavF9DsLaTcoR+j2Tdjqi23oUwKNUqX7qcn5fPStafMdlA==",
            "dev": true
        },
        "eslint-utils": {
            "version": "1.3.1",
            "resolved": "https://registry.npmjs.org/eslint-utils/-/eslint-utils-1.3.1.tgz",
            "integrity": "sha512-Z7YjnIldX+2XMcjr7ZkgEsOj/bREONV60qYeB/bjMAqqqZ4zxKyWX+BOUkdmRmA9riiIPVvo5x86m5elviOk0Q==",
            "dev": true
        },
        "esutils": {
            "version": "2.0.2",
            "resolved": "https://registry.npmjs.org/esutils/-/esutils-2.0.2.tgz",
            "integrity": "sha1-Cr9PHKpbyx96nYrMbepPqqBLrJs=",
            "dev": true
        },
        "find-up": {
            "version": "1.1.2",
            "resolved": "https://registry.npmjs.org/find-up/-/find-up-1.1.2.tgz",
            "integrity": "sha1-ay6YIrGizgpgq2TWEOzK1TyyTQ8=",
            "dev": true,
            "requires": {
                "path-exists": "^2.0.0",
                "pinkie-promise": "^2.0.0"
            }
        },
        "follow-redirects": {
            "version": "1.5.10",
            "resolved": "https://registry.npmjs.org/follow-redirects/-/follow-redirects-1.5.10.tgz",
            "integrity": "sha512-0V5l4Cizzvqt5D44aTXbFZz+FtyXV1vrDN6qrelxtfYQKW0KO0W2T/hkE8xvGa/540LkZlkaUjO4ailYTFtHVQ==",
            "requires": {
                "debug": "=3.1.0"
            }
        },
        "form-data": {
            "version": "2.3.3",
            "resolved": "https://registry.npmjs.org/form-data/-/form-data-2.3.3.tgz",
            "integrity": "sha512-1lLKB2Mu3aGP1Q/2eCOx0fNbRMe7XdwktwOruhfqqd0rIJWwN4Dh+E3hrPSlDCXnSR7UtZ1N38rVXm+6+MEhJQ==",
            "requires": {
                "asynckit": "^0.4.0",
                "combined-stream": "^1.0.6",
                "mime-types": "^2.1.12"
            }
        },
        "function-bind": {
            "version": "1.1.1",
            "resolved": "https://registry.npmjs.org/function-bind/-/function-bind-1.1.1.tgz",
            "integrity": "sha512-yIovAzMX49sF8Yl58fSCWJ5svSLuaibPxXQJFLmBObTuCr0Mf1KiPopGM9NiFjiYBCbfaa2Fh6breQ6ANVTI0A==",
            "dev": true
        },
        "graceful-fs": {
            "version": "4.1.15",
            "resolved": "https://registry.npmjs.org/graceful-fs/-/graceful-fs-4.1.15.tgz",
            "integrity": "sha512-6uHUhOPEBgQ24HM+r6b/QwWfZq+yiFcipKFrOFiBEnWdy5sdzYoi+pJeQaPI5qOLRFqWmAXUPQNsielzdLoecA==",
            "dev": true
        },
        "grapheme-splitter": {
            "version": "1.0.4",
            "resolved": "https://registry.npmjs.org/grapheme-splitter/-/grapheme-splitter-1.0.4.tgz",
            "integrity": "sha512-bzh50DW9kTPM00T8y4o8vQg89Di9oLJVLW/KaOGIXJWP/iqCN6WKYkbNOF04vFLJhwcpYUh9ydh/+5vpOqV4YQ=="
        },
        "has": {
            "version": "1.0.3",
            "resolved": "https://registry.npmjs.org/has/-/has-1.0.3.tgz",
            "integrity": "sha512-f2dvO0VU6Oej7RkWJGrehjbzMAjFp5/VKPp5tTpWIV4JHHZK1/BxbFRtf/siA2SWTe09caDmVtYYzWEIbBS4zw==",
            "dev": true,
            "requires": {
                "function-bind": "^1.1.1"
            }
        },
        "hosted-git-info": {
            "version": "2.7.1",
            "resolved": "https://registry.npmjs.org/hosted-git-info/-/hosted-git-info-2.7.1.tgz",
            "integrity": "sha512-7T/BxH19zbcCTa8XkMlbK5lTo1WtgkFi3GvdWEyNuc4Vex7/9Dqbnpsf4JMydcfj9HCg4zUWFTL3Za6lapg5/w==",
            "dev": true
        },
        "ignore": {
            "version": "4.0.6",
            "resolved": "https://registry.npmjs.org/ignore/-/ignore-4.0.6.tgz",
            "integrity": "sha512-cyFDKrqc/YdcWFniJhzI42+AzS+gNwmUzOSFcRCQYwySuBBBy/KjuxWLZ/FHEH6Moq1NizMOBWyTcv8O4OZIMg==",
            "dev": true
        },
        "is-arrayish": {
            "version": "0.2.1",
            "resolved": "https://registry.npmjs.org/is-arrayish/-/is-arrayish-0.2.1.tgz",
            "integrity": "sha1-d8mYQFJ6qOyxqLppe4BkWnqSap0=",
            "dev": true
        },
        "is-buffer": {
            "version": "1.1.6",
            "resolved": "https://registry.npmjs.org/is-buffer/-/is-buffer-1.1.6.tgz",
            "integrity": "sha512-NcdALwpXkTm5Zvvbk7owOUSvVvBKDgKP5/ewfXEznmQFfs4ZRmanOeKBTjRVjka3QFoN6XJ+9F3USqfHqTaU5w=="
        },
        "is-builtin-module": {
            "version": "1.0.0",
            "resolved": "http://registry.npmjs.org/is-builtin-module/-/is-builtin-module-1.0.0.tgz",
            "integrity": "sha1-VAVy0096wxGfj3bDDLwbHgN6/74=",
            "dev": true,
            "requires": {
                "builtin-modules": "^1.0.0"
            }
        },
        "isarray": {
            "version": "1.0.0",
            "resolved": "https://registry.npmjs.org/isarray/-/isarray-1.0.0.tgz",
            "integrity": "sha1-u5NdSFgsuhaMBoNJV6VKPgcSTxE=",
            "dev": true
        },
        "load-json-file": {
            "version": "2.0.0",
            "resolved": "http://registry.npmjs.org/load-json-file/-/load-json-file-2.0.0.tgz",
            "integrity": "sha1-eUfkIUmvgNaWy/eXvKq8/h/inKg=",
            "dev": true,
            "requires": {
                "graceful-fs": "^4.1.2",
                "parse-json": "^2.2.0",
                "pify": "^2.0.0",
                "strip-bom": "^3.0.0"
            }
        },
        "locate-path": {
            "version": "2.0.0",
            "resolved": "https://registry.npmjs.org/locate-path/-/locate-path-2.0.0.tgz",
            "integrity": "sha1-K1aLJl7slExtnA3pw9u7ygNUzY4=",
            "dev": true,
            "requires": {
                "p-locate": "^2.0.0",
                "path-exists": "^3.0.0"
            },
            "dependencies": {
                "path-exists": {
                    "version": "3.0.0",
                    "resolved": "https://registry.npmjs.org/path-exists/-/path-exists-3.0.0.tgz",
                    "integrity": "sha1-zg6+ql94yxiSXqfYENe1mwEP1RU=",
                    "dev": true
                }
            }
        },
        "lodash": {
            "version": "4.17.11",
            "resolved": "https://registry.npmjs.org/lodash/-/lodash-4.17.11.tgz",
            "integrity": "sha512-cQKh8igo5QUhZ7lg38DYWAxMvjSAKG0A8wGSVimP07SIUEK2UO+arSRKbRZWtelMtN5V0Hkwh5ryOto/SshYIg==",
            "dev": true
        },
        "lodash.escaperegexp": {
            "version": "4.1.2",
            "resolved": "https://registry.npmjs.org/lodash.escaperegexp/-/lodash.escaperegexp-4.1.2.tgz",
            "integrity": "sha1-ZHYsSGGAglGKw99Mz11YhtriA0c="
        },
        "lodash.isequal": {
            "version": "4.5.0",
            "resolved": "https://registry.npmjs.org/lodash.isequal/-/lodash.isequal-4.5.0.tgz",
            "integrity": "sha1-QVxEePK8wwEgwizhDtMib30+GOA="
        },
        "lodash.last": {
            "version": "3.0.0",
            "resolved": "https://registry.npmjs.org/lodash.last/-/lodash.last-3.0.0.tgz",
            "integrity": "sha1-JC9mMRLdTG5jcoxgo8kJ0b2tvUw="
        },
        "lodash.max": {
            "version": "4.0.1",
            "resolved": "https://registry.npmjs.org/lodash.max/-/lodash.max-4.0.1.tgz",
            "integrity": "sha1-hzVWbGGLNan3YFILSHrnllivE2o="
        },
        "lodash.sortby": {
            "version": "4.7.0",
            "resolved": "https://registry.npmjs.org/lodash.sortby/-/lodash.sortby-4.7.0.tgz",
            "integrity": "sha1-7dFMgk4sycHgsKG0K7UhBRakJDg="
        },
        "lodash.tonumber": {
            "version": "4.0.3",
            "resolved": "https://registry.npmjs.org/lodash.tonumber/-/lodash.tonumber-4.0.3.tgz",
            "integrity": "sha1-C5azGzVnJ5Prf1pj7nkfG56QJdk="
        },
        "lodash.trimend": {
            "version": "4.5.1",
            "resolved": "https://registry.npmjs.org/lodash.trimend/-/lodash.trimend-4.5.1.tgz",
            "integrity": "sha1-EoBENyhrmMrYmWt5QU4RMAEUCC8="
        },
        "mime-db": {
            "version": "1.37.0",
            "resolved": "https://registry.npmjs.org/mime-db/-/mime-db-1.37.0.tgz",
            "integrity": "sha512-R3C4db6bgQhlIhPU48fUtdVmKnflq+hRdad7IyKhtFj06VPNVdk2RhiYL3UjQIlso8L+YxAtFkobT0VK+S/ybg=="
        },
        "mime-types": {
            "version": "2.1.21",
            "resolved": "https://registry.npmjs.org/mime-types/-/mime-types-2.1.21.tgz",
            "integrity": "sha512-3iL6DbwpyLzjR3xHSFNFeb9Nz/M8WDkX33t1GFQnFOllWk8pOrh/LSrB5OXlnlW5P9LH73X6loW/eogc+F5lJg==",
            "requires": {
                "mime-db": "~1.37.0"
            }
        },
        "minimatch": {
            "version": "3.0.4",
            "resolved": "https://registry.npmjs.org/minimatch/-/minimatch-3.0.4.tgz",
            "integrity": "sha512-yJHVQEhyqPLUTgt9B83PXu6W3rx4MvvHvSUvToogpwoGDOUQ+yDrR0HRot+yOCdCO7u4hX3pWft6kWBBcqh0UA==",
            "dev": true,
            "requires": {
                "brace-expansion": "^1.1.7"
            }
        },
        "ms": {
            "version": "2.0.0",
            "resolved": "https://registry.npmjs.org/ms/-/ms-2.0.0.tgz",
            "integrity": "sha1-VgiurfwAvmwpAd9fmGF4jeDVl8g="
        },
        "ms-rest-js": {
            "version": "1.0.455",
            "resolved": "https://registry.npmjs.org/ms-rest-js/-/ms-rest-js-1.0.455.tgz",
            "integrity": "sha512-RUDnFFNhk4ZdvOACg0yfaxmp5OzNwUcTIwgh/rVBeuNzgA7hOoVh5zFW06XmOtaBHXL2Bu/vWoQtzloEUlv9tw==",
            "requires": {
                "axios": "^0.18.0",
                "form-data": "^2.3.2",
                "tough-cookie": "^2.4.3",
                "tslib": "^1.9.2",
                "uuid": "^3.2.1",
                "xml2js": "^0.4.19"
            }
        },
        "normalize-package-data": {
            "version": "2.4.0",
            "resolved": "https://registry.npmjs.org/normalize-package-data/-/normalize-package-data-2.4.0.tgz",
            "integrity": "sha512-9jjUFbTPfEy3R/ad/2oNbKtW9Hgovl5O1FvFWKkKblNXoN/Oou6+9+KKohPK13Yc3/TyunyWhJp6gvRNR/PPAw==",
            "dev": true,
            "requires": {
                "hosted-git-info": "^2.1.4",
                "is-builtin-module": "^1.0.0",
                "semver": "2 || 3 || 4 || 5",
                "validate-npm-package-license": "^3.0.1"
            }
        },
        "p-limit": {
            "version": "1.3.0",
            "resolved": "https://registry.npmjs.org/p-limit/-/p-limit-1.3.0.tgz",
            "integrity": "sha512-vvcXsLAJ9Dr5rQOPk7toZQZJApBl2K4J6dANSsEuh6QI41JYcsS/qhTGa9ErIUUgK3WNQoJYvylxvjqmiqEA9Q==",
            "dev": true,
            "requires": {
                "p-try": "^1.0.0"
            }
        },
        "p-locate": {
            "version": "2.0.0",
            "resolved": "https://registry.npmjs.org/p-locate/-/p-locate-2.0.0.tgz",
            "integrity": "sha1-IKAQOyIqcMj9OcwuWAaA893l7EM=",
            "dev": true,
            "requires": {
                "p-limit": "^1.1.0"
            }
        },
        "p-try": {
            "version": "1.0.0",
            "resolved": "https://registry.npmjs.org/p-try/-/p-try-1.0.0.tgz",
            "integrity": "sha1-y8ec26+P1CKOE/Yh8rGiN8GyB7M=",
            "dev": true
        },
        "parse-json": {
            "version": "2.2.0",
            "resolved": "https://registry.npmjs.org/parse-json/-/parse-json-2.2.0.tgz",
            "integrity": "sha1-9ID0BDTvgHQfhGkJn43qGPVaTck=",
            "dev": true,
            "requires": {
                "error-ex": "^1.2.0"
            }
        },
        "path-exists": {
            "version": "2.1.0",
            "resolved": "https://registry.npmjs.org/path-exists/-/path-exists-2.1.0.tgz",
            "integrity": "sha1-D+tsZPD8UY2adU3V77YscCJ2H0s=",
            "dev": true,
            "requires": {
                "pinkie-promise": "^2.0.0"
            }
        },
        "path-parse": {
            "version": "1.0.6",
            "resolved": "https://registry.npmjs.org/path-parse/-/path-parse-1.0.6.tgz",
            "integrity": "sha512-GSmOT2EbHrINBf9SR7CDELwlJ8AENk3Qn7OikK4nFYAu3Ote2+JYNVvkpAEQm3/TLNEJFD/xZJjzyxg3KBWOzw==",
            "dev": true
        },
        "path-type": {
            "version": "2.0.0",
            "resolved": "https://registry.npmjs.org/path-type/-/path-type-2.0.0.tgz",
            "integrity": "sha1-8BLMuEFbcJb8LaoQVMPXI4lZTHM=",
            "dev": true,
            "requires": {
                "pify": "^2.0.0"
            }
        },
        "pify": {
            "version": "2.3.0",
            "resolved": "http://registry.npmjs.org/pify/-/pify-2.3.0.tgz",
            "integrity": "sha1-7RQaasBDqEnqWISY59yosVMw6Qw=",
            "dev": true
        },
        "pinkie": {
            "version": "2.0.4",
            "resolved": "https://registry.npmjs.org/pinkie/-/pinkie-2.0.4.tgz",
            "integrity": "sha1-clVrgM+g1IqXToDnckjoDtT3+HA=",
            "dev": true
        },
        "pinkie-promise": {
            "version": "2.0.1",
            "resolved": "https://registry.npmjs.org/pinkie-promise/-/pinkie-promise-2.0.1.tgz",
            "integrity": "sha1-ITXW36ejWMBprJsXh3YogihFD/o=",
            "dev": true,
            "requires": {
                "pinkie": "^2.0.0"
            }
        },
        "pkg-dir": {
            "version": "1.0.0",
            "resolved": "https://registry.npmjs.org/pkg-dir/-/pkg-dir-1.0.0.tgz",
            "integrity": "sha1-ektQio1bstYp1EcFb/TpyTFM89Q=",
            "dev": true,
            "requires": {
                "find-up": "^1.0.0"
            }
        },
        "psl": {
            "version": "1.1.29",
            "resolved": "https://registry.npmjs.org/psl/-/psl-1.1.29.tgz",
            "integrity": "sha512-AeUmQ0oLN02flVHXWh9sSJF7mcdFq0ppid/JkErufc3hGIV/AMa8Fo9VgDo/cT2jFdOWoFvHp90qqBH54W+gjQ=="
        },
        "punycode": {
            "version": "2.1.1",
            "resolved": "https://registry.npmjs.org/punycode/-/punycode-2.1.1.tgz",
            "integrity": "sha512-XRsRjdf+j5ml+y/6GKHPZbrF/8p2Yga0JPtdqTIY2Xe5ohJPD9saDJJLPvp9+NSBprVvevdXZybnj2cv8OEd0A=="
        },
        "read-pkg": {
            "version": "2.0.0",
            "resolved": "https://registry.npmjs.org/read-pkg/-/read-pkg-2.0.0.tgz",
            "integrity": "sha1-jvHAYjxqbbDcZxPEv6xGMysjaPg=",
            "dev": true,
            "requires": {
                "load-json-file": "^2.0.0",
                "normalize-package-data": "^2.3.2",
                "path-type": "^2.0.0"
            }
        },
        "read-pkg-up": {
            "version": "2.0.0",
            "resolved": "https://registry.npmjs.org/read-pkg-up/-/read-pkg-up-2.0.0.tgz",
            "integrity": "sha1-a3KoBImE4MQeeVEP1en6mbO1Sb4=",
            "dev": true,
            "requires": {
                "find-up": "^2.0.0",
                "read-pkg": "^2.0.0"
            },
            "dependencies": {
                "find-up": {
                    "version": "2.1.0",
                    "resolved": "https://registry.npmjs.org/find-up/-/find-up-2.1.0.tgz",
                    "integrity": "sha1-RdG35QbHF93UgndaK3eSCjwMV6c=",
                    "dev": true,
                    "requires": {
                        "locate-path": "^2.0.0"
                    }
                }
            }
        },
        "regexpp": {
            "version": "2.0.1",
            "resolved": "https://registry.npmjs.org/regexpp/-/regexpp-2.0.1.tgz",
            "integrity": "sha512-lv0M6+TkDVniA3aD1Eg0DVpfU/booSu7Eev3TDO/mZKHBfVjgCGTV4t4buppESEYDtkArYFOxTJWv6S5C+iaNw==",
            "dev": true
        },
        "resolve": {
            "version": "1.8.1",
            "resolved": "https://registry.npmjs.org/resolve/-/resolve-1.8.1.tgz",
            "integrity": "sha512-AicPrAC7Qu1JxPCZ9ZgCZlY35QgFnNqc+0LtbRNxnVw4TXvjQ72wnuL9JQcEBgXkI9JM8MsT9kaQoHcpCRJOYA==",
            "dev": true,
            "requires": {
                "path-parse": "^1.0.5"
            }
        },
        "sax": {
            "version": "1.2.4",
            "resolved": "https://registry.npmjs.org/sax/-/sax-1.2.4.tgz",
            "integrity": "sha512-NqVDv9TpANUjFm0N8uM5GxL36UgKi9/atZw+x7YFnQ8ckwFGKrl4xX4yWtrey3UJm5nP1kUbnYgLopqWNSRhWw=="
        },
        "semver": {
            "version": "5.6.0",
            "resolved": "https://registry.npmjs.org/semver/-/semver-5.6.0.tgz",
            "integrity": "sha512-RS9R6R35NYgQn++fkDWaOmqGoj4Ek9gGs+DPxNUZKuwE183xjJroKvyo1IzVFeXvUrvmALy6FWD5xrdJT25gMg==",
            "dev": true
        },
        "spdx-correct": {
            "version": "3.0.2",
            "resolved": "https://registry.npmjs.org/spdx-correct/-/spdx-correct-3.0.2.tgz",
            "integrity": "sha512-q9hedtzyXHr5S0A1vEPoK/7l8NpfkFYTq6iCY+Pno2ZbdZR6WexZFtqeVGkGxW3TEJMN914Z55EnAGMmenlIQQ==",
            "dev": true,
            "requires": {
                "spdx-expression-parse": "^3.0.0",
                "spdx-license-ids": "^3.0.0"
            }
        },
        "spdx-exceptions": {
            "version": "2.2.0",
            "resolved": "https://registry.npmjs.org/spdx-exceptions/-/spdx-exceptions-2.2.0.tgz",
            "integrity": "sha512-2XQACfElKi9SlVb1CYadKDXvoajPgBVPn/gOQLrTvHdElaVhr7ZEbqJaRnJLVNeaI4cMEAgVCeBMKF6MWRDCRA==",
            "dev": true
        },
        "spdx-expression-parse": {
            "version": "3.0.0",
            "resolved": "https://registry.npmjs.org/spdx-expression-parse/-/spdx-expression-parse-3.0.0.tgz",
            "integrity": "sha512-Yg6D3XpRD4kkOmTpdgbUiEJFKghJH03fiC1OPll5h/0sO6neh2jqRDVHOQ4o/LMea0tgCkbMgea5ip/e+MkWyg==",
            "dev": true,
            "requires": {
                "spdx-exceptions": "^2.1.0",
                "spdx-license-ids": "^3.0.0"
            }
        },
        "spdx-license-ids": {
            "version": "3.0.2",
            "resolved": "https://registry.npmjs.org/spdx-license-ids/-/spdx-license-ids-3.0.2.tgz",
            "integrity": "sha512-qky9CVt0lVIECkEsYbNILVnPvycuEBkXoMFLRWsREkomQLevYhtRKC+R91a5TOAQ3bCMjikRwhyaRqj1VYatYg==",
            "dev": true
        },
        "strip-bom": {
            "version": "3.0.0",
            "resolved": "https://registry.npmjs.org/strip-bom/-/strip-bom-3.0.0.tgz",
            "integrity": "sha1-IzTBjpx1n3vdVv3vfprj1YjmjtM=",
            "dev": true
        },
        "tough-cookie": {
            "version": "2.5.0",
            "resolved": "https://registry.npmjs.org/tough-cookie/-/tough-cookie-2.5.0.tgz",
            "integrity": "sha512-nlLsUzgm1kfLXSXfRZMc1KLAugd4hqJHDTvc2hDIwS3mZAfMEuMbc03SujMF+GEcpaX/qboeycw6iO8JwVv2+g==",
            "requires": {
                "psl": "^1.1.28",
                "punycode": "^2.1.1"
            }
        },
        "tslib": {
            "version": "1.9.3",
            "resolved": "https://registry.npmjs.org/tslib/-/tslib-1.9.3.tgz",
            "integrity": "sha512-4krF8scpejhaOgqzBEcGM7yDIEfi0/8+8zDRZhNZZ2kjmHJ4hv3zCbQWxoJGz1iw5U0Jl0nma13xzHXcncMavQ=="
        },
        "util": {
            "version": "0.10.3",
            "resolved": "http://registry.npmjs.org/util/-/util-0.10.3.tgz",
            "integrity": "sha1-evsa/lCAUkZInj23/g7TeTNqwPk=",
            "requires": {
                "inherits": "2.0.1"
            },
            "dependencies": {
                "inherits": {
                    "version": "2.0.1",
                    "resolved": "https://registry.npmjs.org/inherits/-/inherits-2.0.1.tgz",
                    "integrity": "sha1-sX0I0ya0Qj5Wjv9xn5GwscvfafE="
                }
            }
        },
        "uuid": {
            "version": "3.3.2",
            "resolved": "https://registry.npmjs.org/uuid/-/uuid-3.3.2.tgz",
            "integrity": "sha512-yXJmeNaw3DnnKAOKJE51sL/ZaYfWJRl1pK9dr19YFCu0ObS231AB1/LbqTKRAQ5kw8A90rA6fr4riOUpTZvQZA=="
        },
        "validate-npm-package-license": {
            "version": "3.0.4",
            "resolved": "https://registry.npmjs.org/validate-npm-package-license/-/validate-npm-package-license-3.0.4.tgz",
            "integrity": "sha512-DpKm2Ui/xN7/HQKCtpZxoRWBhZ9Z0kqtygG8XCgNQ8ZlDnxuQmWhj566j8fN4Cu3/JmbhsDo7fcAJq4s9h27Ew==",
            "dev": true,
            "requires": {
                "spdx-correct": "^3.0.0",
                "spdx-expression-parse": "^3.0.0"
            }
        },
        "xml2js": {
            "version": "0.4.19",
            "resolved": "https://registry.npmjs.org/xml2js/-/xml2js-0.4.19.tgz",
            "integrity": "sha512-esZnJZJOiJR9wWKMyuvSE1y6Dq5LCuJanqhxslH2bxM6duahNZ+HMpCLhBQGZkbX6xRf8x1Y2eJlgt2q3qo49Q==",
            "requires": {
                "sax": ">=0.6.0",
                "xmlbuilder": "~9.0.1"
            }
        },
        "xmlbuilder": {
            "version": "9.0.7",
            "resolved": "http://registry.npmjs.org/xmlbuilder/-/xmlbuilder-9.0.7.tgz",
            "integrity": "sha1-Ey7mPS7FVlxVfiD0wi35rKaGsQ0="
        }
    }
}
